
Microsoft Visual Studio Solution File, Format Version 12.00
# Visual Studio Version 17
VisualStudioVersion = 17.3.32804.467
MinimumVisualStudioVersion = 10.0.40219.1
Project("{FAE04EC0-301F-11D3-BF4B-00C04F79EFBC}") = "Recapitulacao 4 exec 4", "Recapitulacao 4 exec 4\Recapitulacao 4 exec 4.csproj", "{1763DF4D-5C39-451C-ABD9-DC268A6B7CEA}"
EndProject
Global
	GlobalSection(SolutionConfigurationPlatforms) = preSolution
		Debug|Any CPU = Debug|Any CPU
		Release|Any CPU = Release|Any CPU
	EndGlobalSection
	GlobalSection(ProjectConfigurationPlatforms) = postSolution
		{1763DF4D-5C39-451C-ABD9-DC268A6B7CEA}.Debug|Any CPU.ActiveCfg = Debug|Any CPU
		{1763DF4D-5C39-451C-ABD9-DC268A6B7CEA}.Debug|Any CPU.Build.0 = Debug|Any CPU
		{1763DF4D-5C39-451C-ABD9-DC268A6B7CEA}.Release|Any CPU.ActiveCfg = Release|Any CPU
		{1763DF4D-5C39-451C-ABD9-DC268A6B7CEA}.Release|Any CPU.Build.0 = Release|Any CPU
	EndGlobalSection
	GlobalSection(SolutionProperties) = preSolution
		HideSolutionNode = FALSE
	EndGlobalSection
	GlobalSection(ExtensibilityGlobals) = postSolution
		SolutionGuid = {0B3D9A57-6A2C-48BB-B36E-C8BA80B8A22D}
	EndGlobalSection
EndGlobal
